// !$*UTF8*$!
{
	archiveVersion = 1;
	classes = {
	};
	objectVersion = 46;
	objects = {

/* Begin PBXBuildFile section */
		5A6F7CDF1BF18C0A00337524 /* piReal.m in Sources */ = {isa = PBXBuildFile; fileRef = 5A6F7CDE1BF18C0A00337524 /* piReal.m */; };
		5ABDAA5F1BEAA42C00004D7F /* main.m in Sources */ = {isa = PBXBuildFile; fileRef = 5ABDAA5E1BEAA42C00004D7F /* main.m */; };
		5ABDAA621BEAA42D00004D7F /* AppDelegate.m in Sources */ = {isa = PBXBuildFile; fileRef = 5ABDAA611BEAA42D00004D7F /* AppDelegate.m */; };
		5ABDAA651BEAA42D00004D7F /* ViewController.m in Sources */ = {isa = PBXBuildFile; fileRef = 5ABDAA641BEAA42D00004D7F /* ViewController.m */; };
		5ABDAA681BEAA42D00004D7F /* Main.storyboard in Resources */ = {isa = PBXBuildFile; fileRef = 5ABDAA661BEAA42D00004D7F /* Main.storyboard */; };
		5ABDAA6A1BEAA42E00004D7F /* Images.xcassets in Resources */ = {isa = PBXBuildFile; fileRef = 5ABDAA691BEAA42E00004D7F /* Images.xcassets */; };
		5ABDAA6D1BEAA42E00004D7F /* LaunchScreen.xib in Resources */ = {isa = PBXBuildFile; fileRef = 5ABDAA6B1BEAA42E00004D7F /* LaunchScreen.xib */; };
		5ABDAA791BEAA42E00004D7F /* learnPiTests.m in Sources */ = {isa = PBXBuildFile; fileRef = 5ABDAA781BEAA42E00004D7F /* learnPiTests.m */; };
		5ABDAA841BEAAC7900004D7F /* practiceVC.m in Sources */ = {isa = PBXBuildFile; fileRef = 5ABDAA831BEAAC7900004D7F /* practiceVC.m */; };
		5ABDAA8A1BEAAEC600004D7F /* learnVC.m in Sources */ = {isa = PBXBuildFile; fileRef = 5ABDAA891BEAAEC600004D7F /* learnVC.m */; };
		5ABDAA8D1BEAAED200004D7F /* settingsVC.m in Sources */ = {isa = PBXBuildFile; fileRef = 5ABDAA8C1BEAAED200004D7F /* settingsVC.m */; };
		5AD39EEF1C7FAF4E00495E11 /* piRealShort.m in Sources */ = {isa = PBXBuildFile; fileRef = 5AD39EEE1C7FAF4E00495E11 /* piRealShort.m */; };
/* End PBXBuildFile section */

/* Begin PBXContainerItemProxy section */
		5ABDAA731BEAA42E00004D7F /* PBXContainerItemProxy */ = {
			isa = PBXContainerItemProxy;
			containerPortal = 5ABDAA511BEAA42B00004D7F /* Project object */;
			proxyType = 1;
			remoteGlobalIDString = 5ABDAA581BEAA42B00004D7F;
			remoteInfo = learnPi;
		};
/* End PBXContainerItemProxy section */

/* Begin PBXFileReference section */
		5A6F7CDE1BF18C0A00337524 /* piReal.m */ = {isa = PBXFileReference; fileEncoding = 4; lastKnownFileType = sourcecode.c.objc; name = piReal.m; path = ../piReal.m; sourceTree = "<group>"; };
		5A6F7CE01BF18C5000337524 /* piReal.h */ = {isa = PBXFileReference; lastKnownFileType = sourcecode.c.h; name = piReal.h; path = ../piReal.h; sourceTree = "<group>"; };
		5ABDAA591BEAA42C00004D7F /* learnPi.app */ = {isa = PBXFileReference; explicitFileType = wrapper.application; includeInIndex = 0; path = learnPi.app; sourceTree = BUILT_PRODUCTS_DIR; };
		5ABDAA5D1BEAA42C00004D7F /* Info.plist */ = {isa = PBXFileReference; lastKnownFileType = text.plist.xml; path = Info.plist; sourceTree = "<group>"; };
		5ABDAA5E1BEAA42C00004D7F /* main.m */ = {isa = PBXFileReference; lastKnownFileType = sourcecode.c.objc; path = main.m; sourceTree = "<group>"; };
		5ABDAA601BEAA42D00004D7F /* AppDelegate.h */ = {isa = PBXFileReference; lastKnownFileType = sourcecode.c.h; path = AppDelegate.h; sourceTree = "<group>"; };
		5ABDAA611BEAA42D00004D7F /* AppDelegate.m */ = {isa = PBXFileReference; lastKnownFileType = sourcecode.c.objc; path = AppDelegate.m; sourceTree = "<group>"; };
		5ABDAA631BEAA42D00004D7F /* ViewController.h */ = {isa = PBXFileReference; lastKnownFileType = sourcecode.c.h; path = ViewController.h; sourceTree = "<group>"; };
		5ABDAA641BEAA42D00004D7F /* ViewController.m */ = {isa = PBXFileReference; lastKnownFileType = sourcecode.c.objc; path = ViewController.m; sourceTree = "<group>"; };
		5ABDAA671BEAA42D00004D7F /* Base */ = {isa = PBXFileReference; lastKnownFileType = file.storyboard; name = Base; path = Base.lproj/Main.storyboard; sourceTree = "<group>"; };
		5ABDAA691BEAA42E00004D7F /* Images.xcassets */ = {isa = PBXFileReference; lastKnownFileType = folder.assetcatalog; path = Images.xcassets; sourceTree = "<group>"; };
		5ABDAA6C1BEAA42E00004D7F /* Base */ = {isa = PBXFileReference; lastKnownFileType = file.xib; name = Base; path = Base.lproj/LaunchScreen.xib; sourceTree = "<group>"; };
		5ABDAA721BEAA42E00004D7F /* learnPiTests.xctest */ = {isa = PBXFileReference; explicitFileType = wrapper.cfbundle; includeInIndex = 0; path = learnPiTests.xctest; sourceTree = BUILT_PRODUCTS_DIR; };
		5ABDAA771BEAA42E00004D7F /* Info.plist */ = {isa = PBXFileReference; lastKnownFileType = text.plist.xml; path = Info.plist; sourceTree = "<group>"; };
		5ABDAA781BEAA42E00004D7F /* learnPiTests.m */ = {isa = PBXFileReference; lastKnownFileType = sourcecode.c.objc; path = learnPiTests.m; sourceTree = "<group>"; };
		5ABDAA821BEAAC7900004D7F /* practiceVC.h */ = {isa = PBXFileReference; fileEncoding = 4; lastKnownFileType = sourcecode.c.h; name = practiceVC.h; path = ../practiceVC.h; sourceTree = "<group>"; };
		5ABDAA831BEAAC7900004D7F /* practiceVC.m */ = {isa = PBXFileReference; fileEncoding = 4; lastKnownFileType = sourcecode.c.objc; name = practiceVC.m; path = ../practiceVC.m; sourceTree = "<group>"; };
		5ABDAA881BEAAEC600004D7F /* learnVC.h */ = {isa = PBXFileReference; fileEncoding = 4; lastKnownFileType = sourcecode.c.h; path = learnVC.h; sourceTree = "<group>"; };
		5ABDAA891BEAAEC600004D7F /* learnVC.m */ = {isa = PBXFileReference; fileEncoding = 4; lastKnownFileType = sourcecode.c.objc; path = learnVC.m; sourceTree = "<group>"; };
		5ABDAA8B1BEAAED200004D7F /* settingsVC.h */ = {isa = PBXFileReference; fileEncoding = 4; lastKnownFileType = sourcecode.c.h; path = settingsVC.h; sourceTree = "<group>"; };
		5ABDAA8C1BEAAED200004D7F /* settingsVC.m */ = {isa = PBXFileReference; fileEncoding = 4; lastKnownFileType = sourcecode.c.objc; path = settingsVC.m; sourceTree = "<group>"; };
		5AD39EED1C7FAF4E00495E11 /* piRealShort.h */ = {isa = PBXFileReference; fileEncoding = 4; lastKnownFileType = sourcecode.c.h; path = piRealShort.h; sourceTree = "<group>"; };
		5AD39EEE1C7FAF4E00495E11 /* piRealShort.m */ = {isa = PBXFileReference; fileEncoding = 4; lastKnownFileType = sourcecode.c.objc; path = piRealShort.m; sourceTree = "<group>"; };
/* End PBXFileReference section */

/* Begin PBXFrameworksBuildPhase section */
		5ABDAA561BEAA42B00004D7F /* Frameworks */ = {
			isa = PBXFrameworksBuildPhase;
			buildActionMask = 2147483647;
			files = (
			);
			runOnlyForDeploymentPostprocessing = 0;
		};
		5ABDAA6F1BEAA42E00004D7F /* Frameworks */ = {
			isa = PBXFrameworksBuildPhase;
			buildActionMask = 2147483647;
			files = (
			);
			runOnlyForDeploymentPostprocessing = 0;
		};
/* End PBXFrameworksBuildPhase section */

/* Begin PBXGroup section */
		5ABDAA501BEAA42B00004D7F = {
			isa = PBXGroup;
			children = (
				5ABDAA5B1BEAA42C00004D7F /* learnPi */,
				5ABDAA751BEAA42E00004D7F /* learnPiTests */,
				5ABDAA5A1BEAA42C00004D7F /* Products */,
			);
			sourceTree = "<group>";
		};
		5ABDAA5A1BEAA42C00004D7F /* Products */ = {
			isa = PBXGroup;
			children = (
				5ABDAA591BEAA42C00004D7F /* learnPi.app */,
				5ABDAA721BEAA42E00004D7F /* learnPiTests.xctest */,
			);
			name = Products;
			sourceTree = "<group>";
		};
		5ABDAA5B1BEAA42C00004D7F /* learnPi */ = {
			isa = PBXGroup;
			children = (
				5ABDAA601BEAA42D00004D7F /* AppDelegate.h */,
				5ABDAA611BEAA42D00004D7F /* AppDelegate.m */,
				5ABDAA631BEAA42D00004D7F /* ViewController.h */,
				5ABDAA641BEAA42D00004D7F /* ViewController.m */,
				5ABDAA821BEAAC7900004D7F /* practiceVC.h */,
				5ABDAA831BEAAC7900004D7F /* practiceVC.m */,
				5ABDAA881BEAAEC600004D7F /* learnVC.h */,
				5ABDAA891BEAAEC600004D7F /* learnVC.m */,
				5ABDAA8B1BEAAED200004D7F /* settingsVC.h */,
				5ABDAA8C1BEAAED200004D7F /* settingsVC.m */,
				5AD39EED1C7FAF4E00495E11 /* piRealShort.h */,
				5AD39EEE1C7FAF4E00495E11 /* piRealShort.m */,
				5A6F7CE01BF18C5000337524 /* piReal.h */,
				5A6F7CDE1BF18C0A00337524 /* piReal.m */,
				5ABDAA661BEAA42D00004D7F /* Main.storyboard */,
				5ABDAA691BEAA42E00004D7F /* Images.xcassets */,
				5ABDAA6B1BEAA42E00004D7F /* LaunchScreen.xib */,
				5ABDAA5C1BEAA42C00004D7F /* Supporting Files */,
			);
			path = learnPi;
			sourceTree = "<group>";
		};
		5ABDAA5C1BEAA42C00004D7F /* Supporting Files */ = {
			isa = PBXGroup;
			children = (
				5ABDAA5D1BEAA42C00004D7F /* Info.plist */,
				5ABDAA5E1BEAA42C00004D7F /* main.m */,
			);
			name = "Supporting Files";
			sourceTree = "<group>";
		};
		5ABDAA751BEAA42E00004D7F /* learnPiTests */ = {
			isa = PBXGroup;
			children = (
				5ABDAA781BEAA42E00004D7F /* learnPiTests.m */,
				5ABDAA761BEAA42E00004D7F /* Supporting Files */,
			);
			path = learnPiTests;
			sourceTree = "<group>";
		};
		5ABDAA761BEAA42E00004D7F /* Supporting Files */ = {
			isa = PBXGroup;
			children = (
				5ABDAA771BEAA42E00004D7F /* Info.plist */,
			);
			name = "Supporting Files";
			sourceTree = "<group>";
		};
/* End PBXGroup section */

/* Begin PBXNativeTarget section */
		5ABDAA581BEAA42B00004D7F /* learnPi */ = {
			isa = PBXNativeTarget;
			buildConfigurationList = 5ABDAA7C1BEAA42E00004D7F /* Build configuration list for PBXNativeTarget "learnPi" */;
			buildPhases = (
				5ABDAA551BEAA42B00004D7F /* Sources */,
				5ABDAA561BEAA42B00004D7F /* Frameworks */,
				5ABDAA571BEAA42B00004D7F /* Resources */,
			);
			buildRules = (
			);
			dependencies = (
			);
			name = learnPi;
			productName = learnPi;
			productReference = 5ABDAA591BEAA42C00004D7F /* learnPi.app */;
			productType = "com.apple.product-type.application";
		};
		5ABDAA711BEAA42E00004D7F /* learnPiTests */ = {
			isa = PBXNativeTarget;
			buildConfigurationList = 5ABDAA7F1BEAA42E00004D7F /* Build configuration list for PBXNativeTarget "learnPiTests" */;
			buildPhases = (
				5ABDAA6E1BEAA42E00004D7F /* Sources */,
				5ABDAA6F1BEAA42E00004D7F /* Frameworks */,
				5ABDAA701BEAA42E00004D7F /* Resources */,
			);
			buildRules = (
			);
			dependencies = (
				5ABDAA741BEAA42E00004D7F /* PBXTargetDependency */,
			);
			name = learnPiTests;
			productName = learnPiTests;
			productReference = 5ABDAA721BEAA42E00004D7F /* learnPiTests.xctest */;
			productType = "com.apple.product-type.bundle.unit-test";
		};
/* End PBXNativeTarget section */

/* Begin PBXProject section */
		5ABDAA511BEAA42B00004D7F /* Project object */ = {
			isa = PBXProject;
			attributes = {
				LastUpgradeCheck = 0640;
				ORGANIZATIONNAME = "Madelyn Nelson";
				TargetAttributes = {
					5ABDAA581BEAA42B00004D7F = {
						CreatedOnToolsVersion = 6.4;
					};
					5ABDAA711BEAA42E00004D7F = {
						CreatedOnToolsVersion = 6.4;
						TestTargetID = 5ABDAA581BEAA42B00004D7F;
					};
				};
			};
			buildConfigurationList = 5ABDAA541BEAA42B00004D7F /* Build configuration list for PBXProject "learnPi" */;
			compatibilityVersion = "Xcode 3.2";
			developmentRegion = English;
			hasScannedForEncodings = 0;
			knownRegions = (
				en,
				Base,
			);
			mainGroup = 5ABDAA501BEAA42B00004D7F;
			productRefGroup = 5ABDAA5A1BEAA42C00004D7F /* Products */;
			projectDirPath = "";
			projectRoot = "";
			targets = (
				5ABDAA581BEAA42B00004D7F /* learnPi */,
				5ABDAA711BEAA42E00004D7F /* learnPiTests */,
			);
		};
/* End PBXProject section */

/* Begin PBXResourcesBuildPhase section */
		5ABDAA571BEAA42B00004D7F /* Resources */ = {
			isa = PBXResourcesBuildPhase;
			buildActionMask = 2147483647;
			files = (
				5ABDAA681BEAA42D00004D7F /* Main.storyboard in Resources */,
				5ABDAA6D1BEAA42E00004D7F /* LaunchScreen.xib in Resources */,
				5ABDAA6A1BEAA42E00004D7F /* Images.xcassets in Resources */,
			);
			runOnlyForDeploymentPostprocessing = 0;
		};
		5ABDAA701BEAA42E00004D7F /* Resources */ = {
			isa = PBXResourcesBuildPhase;
			buildActionMask = 2147483647;
			files = (
			);
			runOnlyForDeploymentPostprocessing = 0;
		};
/* End PBXResourcesBuildPhase section */

/* Begin PBXSourcesBuildPhase section */
		5ABDAA551BEAA42B00004D7F /* Sources */ = {
			isa = PBXSourcesBuildPhase;
			buildActionMask = 2147483647;
			files = (
				5ABDAA651BEAA42D00004D7F /* ViewController.m in Sources */,
				5ABDAA621BEAA42D00004D7F /* AppDelegate.m in Sources */,
				5ABDAA5F1BEAA42C00004D7F /* main.m in Sources */,
				5A6F7CDF1BF18C0A00337524 /* piReal.m in Sources */,
				5AD39EEF1C7FAF4E00495E11 /* piRealShort.m in Sources */,
				5ABDAA8D1BEAAED200004D7F /* settingsVC.m in Sources */,
				5ABDAA841BEAAC7900004D7F /* practiceVC.m in Sources */,
				5ABDAA8A1BEAAEC600004D7F /* learnVC.m in Sources */,
			);
			runOnlyForDeploymentPostprocessing = 0;
		};
		5ABDAA6E1BEAA42E00004D7F /* Sources */ = {
			isa = PBXSourcesBuildPhase;
			buildActionMask = 2147483647;
			files = (
				5ABDAA791BEAA42E00004D7F /* learnPiTests.m in Sources */,
			);
			runOnlyForDeploymentPostprocessing = 0;
		};
/* End PBXSourcesBuildPhase section */

/* Begin PBXTargetDependency section */
		5ABDAA741BEAA42E00004D7F /* PBXTargetDependency */ = {
			isa = PBXTargetDependency;
			target = 5ABDAA581BEAA42B00004D7F /* learnPi */;
			targetProxy = 5ABDAA731BEAA42E00004D7F /* PBXContainerItemProxy */;
		};
/* End PBXTargetDependency section */

/* Begin PBXVariantGroup section */
		5ABDAA661BEAA42D00004D7F /* Main.storyboard */ = {
			isa = PBXVariantGroup;
			children = (
				5ABDAA671BEAA42D00004D7F /* Base */,
			);
			name = Main.storyboard;
			sourceTree = "<group>";
		};
		5ABDAA6B1BEAA42E00004D7F /* LaunchScreen.xib */ = {
			isa = PBXVariantGroup;
			children = (
				5ABDAA6C1BEAA42E00004D7F /* Base */,
			);
			name = LaunchScreen.xib;
			sourceTree = "<group>";
		};
/* End PBXVariantGroup section */

/* Begin XCBuildConfiguration section */
		5ABDAA7A1BEAA42E00004D7F /* Debug */ = {
			isa = XCBuildConfiguration;
			buildSettings = {
				ALWAYS_SEARCH_USER_PATHS = NO;
				CLANG_CXX_LANGUAGE_STANDARD = "gnu++0x";
				CLANG_CXX_LIBRARY = "libc++";
				CLANG_ENABLE_MODULES = YES;
				CLANG_ENABLE_OBJC_ARC = YES;
				CLANG_WARN_BOOL_CONVERSION = YES;
				CLANG_WARN_CONSTANT_CONVERSION = YES;
				CLANG_WARN_DIRECT_OBJC_ISA_USAGE = YES_ERROR;
				CLANG_WARN_EMPTY_BODY = YES;
				CLANG_WARN_ENUM_CONVERSION = YES;
				CLANG_WARN_INT_CONVERSION = YES;
				CLANG_WARN_OBJC_ROOT_CLASS = YES_ERROR;
				CLANG_WARN_UNREACHABLE_CODE = YES;
				CLANG_WARN__DUPLICATE_METHOD_MATCH = YES;
				"CODE_SIGN_IDENTITY[sdk=iphoneos*]" = "iPhone Developer";
				COPY_PHASE_STRIP = NO;
				DEBUG_INFORMATION_FORMAT = "dwarf-with-dsym";
				ENABLE_STRICT_OBJC_MSGSEND = YES;
				GCC_C_LANGUAGE_STANDARD = gnu99;
				GCC_DYNAMIC_NO_PIC = NO;
				GCC_NO_COMMON_BLOCKS = YES;
				GCC_OPTIMIZATION_LEVEL = 0;
				GCC_PREPROCESSOR_DEFINITIONS = (
					"DEBUG=1",
					"$(inherited)",
				);
				GCC_SYMBOLS_PRIVATE_EXTERN = NO;
				GCC_WARN_64_TO_32_BIT_CONVERSION = YES;
				GCC_WARN_ABOUT_RETURN_TYPE = YES_ERROR;
				GCC_WARN_UNDECLARED_SELECTOR = YES;
				GCC_WARN_UNINITIALIZED_AUTOS = YES_AGGRESSIVE;
				GCC_WARN_UNUSED_FUNCTION = YES;
				GCC_WARN_UNUSED_VARIABLE = YES;
				IPHONEOS_DEPLOYMENT_TARGET = 8.4;
				MTL_ENABLE_DEBUG_INFO = YES;
				ONLY_ACTIVE_ARCH = YES;
				SDKROOT = iphoneos;
				TARGETED_DEVICE_FAMILY = "1,2";
			};
			name = Debug;
		};
		5ABDAA7B1BEAA42E00004D7F /* Release */ = {
			isa = XCBuildConfiguration;
			buildSettings = {
				ALWAYS_SEARCH_USER_PATHS = NO;
				CLANG_CXX_LANGUAGE_STANDARD = "gnu++0x";
				CLANG_CXX_LIBRARY = "libc++";
				CLANG_ENABLE_MODULES = YES;
				CLANG_ENABLE_OBJC_ARC = YES;
				CLANG_WARN_BOOL_CONVERSION = YES;
				CLANG_WARN_CONSTANT_CONVERSION = YES;
				CLANG_WARN_DIRECT_OBJC_ISA_USAGE = YES_ERROR;
				CLANG_WARN_EMPTY_BODY = YES;
				CLANG_WARN_ENUM_CONVERSION = YES;
				CLANG_WARN_INT_CONVERSION = YES;
				CLANG_WARN_OBJC_ROOT_CLASS = YES_ERROR;
				CLANG_WARN_UNREACHABLE_CODE = YES;
				CLANG_WARN__DUPLICATE_METHOD_MATCH = YES;
				"CODE_SIGN_IDENTITY[sdk=iphoneos*]" = "iPhone Developer";
				COPY_PHASE_STRIP = NO;
				DEBUG_INFORMATION_FORMAT = "dwarf-with-dsym";
				ENABLE_NS_ASSERTIONS = NO;
				ENABLE_STRICT_OBJC_MSGSEND = YES;
				GCC_C_LANGUAGE_STANDARD = gnu99;
				GCC_NO_COMMON_BLOCKS = YES;
				GCC_WARN_64_TO_32_BIT_CONVERSION = YES;
				GCC_WARN_ABOUT_RETURN_TYPE = YES_ERROR;
				GCC_WARN_UNDECLARED_SELECTOR = YES;
				GCC_WARN_UNINITIALIZED_AUTOS = YES_AGGRESSIVE;
				GCC_WARN_UNUSED_FUNCTION = YES;
				GCC_WARN_UNUSED_VARIABLE = YES;
				IPHONEOS_DEPLOYMENT_TARGET = 8.4;
				MTL_ENABLE_DEBUG_INFO = NO;
				SDKROOT = iphoneos;
				TARGETED_DEVICE_FAMILY = "1,2";
				VALIDATE_PRODUCT = YES;
			};
			name = Release;
		};
		5ABDAA7D1BEAA42E00004D7F /* Debug */ = {
			isa = XCBuildConfiguration;
			buildSettings = {
				ASSETCATALOG_COMPILER_APPICON_NAME = AppIcon;
				INFOPLIST_FILE = learnPi/Info.plist;
				LD_RUNPATH_SEARCH_PATHS = "$(inherited) @executable_path/Frameworks";
				PRODUCT_NAME = "$(TARGET_NAME)";
			};
			name = Debug;
		};
		5ABDAA7E1BEAA42E00004D7F /* Release */ = {
			isa = XCBuildConfiguration;
			buildSettings = {
				ASSETCATALOG_COMPILER_APPICON_NAME = AppIcon;
				INFOPLIST_FILE = learnPi/Info.plist;
				LD_RUNPATH_SEARCH_PATHS = "$(inherited) @executable_path/Frameworks";
				PRODUCT_NAME = "$(TARGET_NAME)";
			};
			name = Release;
		};
		5ABDAA801BEAA42E00004D7F /* Debug */ = {
			isa = XCBuildConfiguration;
			buildSettings = {
				BUNDLE_LOADER = "$(TEST_HOST)";
				FRAMEWORK_SEARCH_PATHS = (
					"$(SDKROOT)/Developer/Library/Frameworks",
					"$(inherited)",
				);
				GCC_PREPROCESSOR_DEFINITIONS = (
					"DEBUG=1",
					"$(inherited)",
				);
				INFOPLIST_FILE = learnPiTests/Info.plist;
				LD_RUNPATH_SEARCH_PATHS = "$(inherited) @executable_path/Frameworks @loader_path/Frameworks";
				PRODUCT_NAME = "$(TARGET_NAME)";
				TEST_HOST = "$(BUILT_PRODUCTS_DIR)/learnPi.app/learnPi";
			};
			name = Debug;
		};
		5ABDAA811BEAA42E00004D7F /* Release */ = {
			isa = XCBuildConfiguration;
			buildSettings = {
				BUNDLE_LOADER = "$(TEST_HOST)";
				FRAMEWORK_SEARCH_PATHS = (
					"$(SDKROOT)/Developer/Library/Frameworks",
					"$(inherited)",
				);
				INFOPLIST_FILE = learnPiTests/Info.plist;
				LD_RUNPATH_SEARCH_PATHS = "$(inherited) @executable_path/Frameworks @loader_path/Frameworks";
				PRODUCT_NAME = "$(TARGET_NAME)";
				TEST_HOST = "$(BUILT_PRODUCTS_DIR)/learnPi.app/learnPi";
			};
			name = Release;
		};
/* End XCBuildConfiguration section */

/* Begin XCConfigurationList section */
		5ABDAA541BEAA42B00004D7F /* Build configuration list for PBXProject "learnPi" */ = {
			isa = XCConfigurationList;
			buildConfigurations = (
				5ABDAA7A1BEAA42E00004D7F /* Debug */,
				5ABDAA7B1BEAA42E00004D7F /* Release */,
			);
			defaultConfigurationIsVisible = 0;
			defaultConfigurationName = Release;
		};
		5ABDAA7C1BEAA42E00004D7F /* Build configuration list for PBXNativeTarget "learnPi" */ = {
			isa = XCConfigurationList;
			buildConfigurations = (
				5ABDAA7D1BEAA42E00004D7F /* Debug */,
				5ABDAA7E1BEAA42E00004D7F /* Release */,
			);
			defaultConfigurationIsVisible = 0;
			defaultConfigurationName = Release;
		};
		5ABDAA7F1BEAA42E00004D7F /* Build configuration list for PBXNativeTarget "learnPiTests" */ = {
			isa = XCConfigurationList;
			buildConfigurations = (
				5ABDAA801BEAA42E00004D7F /* Debug */,
				5ABDAA811BEAA42E00004D7F /* Release */,
			);
			defaultConfigurationIsVisible = 0;
			defaultConfigurationName = Release;
		};
/* End XCConfigurationList section */
	};
	rootObject = 5ABDAA511BEAA42B00004D7F /* Project object */;
}
